
Microsoft Visual Studio Solution File, Format Version 12.00
# Visual Studio Version 17
VisualStudioVersion = 17.0.31903.59
MinimumVisualStudioVersion = 10.0.40219.1
Project("{2150E333-8FDC-42A3-9474-1A3956D46DE8}") = "src", "src", "{827E0CD3-B72D-47B6-A68D-7590B98EB39B}"
EndProject
Project("{FAE04EC0-301F-11D3-BF4B-00C04F79EFBC}") = "Dawning.Agents.Core", "src\Dawning.Agents.Core\Dawning.Agents.Core.csproj", "{6C282EC9-9C16-4312-8841-43A82B9DCFD4}"
EndProject
Project("{2150E333-8FDC-42A3-9474-1A3956D46DE8}") = "tests", "tests", "{0AB3BF05-4346-4AA6-1389-037BE0695223}"
EndProject
Project("{FAE04EC0-301F-11D3-BF4B-00C04F79EFBC}") = "Dawning.Agents.Tests", "tests\Dawning.Agents.Tests\Dawning.Agents.Tests.csproj", "{4B554934-22BB-4705-9D84-283AA7FA652F}"
EndProject
Project("{FAE04EC0-301F-11D3-BF4B-00C04F79EFBC}") = "Dawning.Agents.Abstractions", "src\Dawning.Agents.Abstractions\Dawning.Agents.Abstractions.csproj", "{8BCA900C-9E9F-432A-B402-7E2FF1DF238B}"
EndProject
Project("{FAE04EC0-301F-11D3-BF4B-00C04F79EFBC}") = "Dawning.Agents.OpenAI", "src\Dawning.Agents.OpenAI\Dawning.Agents.OpenAI.csproj", "{C76DD5F4-B5BD-4DC3-ACFE-52277D8D15EA}"
EndProject
Project("{FAE04EC0-301F-11D3-BF4B-00C04F79EFBC}") = "Dawning.Agents.Azure", "src\Dawning.Agents.Azure\Dawning.Agents.Azure.csproj", "{4197E244-500A-4C49-A06C-3A34B612B78F}"
EndProject
Project("{2150E333-8FDC-42A3-9474-1A3956D46DE8}") = "samples", "samples", "{5D20AA90-6969-D8BD-9DCD-8634F4692FDA}"
EndProject
Project("{FAE04EC0-301F-11D3-BF4B-00C04F79EFBC}") = "Dawning.Agents.Demo", "samples\Dawning.Agents.Demo\Dawning.Agents.Demo.csproj", "{037099E2-136C-4814-94B3-FABBAE5BECE9}"
EndProject
Project("{FAE04EC0-301F-11D3-BF4B-00C04F79EFBC}") = "Dawning.Agents.Api", "samples\Dawning.Agents.Api\Dawning.Agents.Api.csproj", "{08A5A159-B7EF-4646-ACD0-B3B2A6D05628}"
EndProject
Project("{FAE04EC0-301F-11D3-BF4B-00C04F79EFBC}") = "Dawning.Agents.Qdrant", "src\Dawning.Agents.Qdrant\Dawning.Agents.Qdrant.csproj", "{01412F84-13FF-48B8-BF40-8679608EC2A1}"
EndProject
Project("{FAE04EC0-301F-11D3-BF4B-00C04F79EFBC}") = "Dawning.Agents.Pinecone", "src\Dawning.Agents.Pinecone\Dawning.Agents.Pinecone.csproj", "{E67DC3C1-0CF8-451B-A2F2-A22106461BE9}"
EndProject
Global
	GlobalSection(SolutionConfigurationPlatforms) = preSolution
		Debug|Any CPU = Debug|Any CPU
		Debug|x64 = Debug|x64
		Debug|x86 = Debug|x86
		Release|Any CPU = Release|Any CPU
		Release|x64 = Release|x64
		Release|x86 = Release|x86
	EndGlobalSection
	GlobalSection(ProjectConfigurationPlatforms) = postSolution
		{6C282EC9-9C16-4312-8841-43A82B9DCFD4}.Debug|Any CPU.ActiveCfg = Debug|Any CPU
		{6C282EC9-9C16-4312-8841-43A82B9DCFD4}.Debug|Any CPU.Build.0 = Debug|Any CPU
		{6C282EC9-9C16-4312-8841-43A82B9DCFD4}.Debug|x64.ActiveCfg = Debug|Any CPU
		{6C282EC9-9C16-4312-8841-43A82B9DCFD4}.Debug|x64.Build.0 = Debug|Any CPU
		{6C282EC9-9C16-4312-8841-43A82B9DCFD4}.Debug|x86.ActiveCfg = Debug|Any CPU
		{6C282EC9-9C16-4312-8841-43A82B9DCFD4}.Debug|x86.Build.0 = Debug|Any CPU
		{6C282EC9-9C16-4312-8841-43A82B9DCFD4}.Release|Any CPU.ActiveCfg = Release|Any CPU
		{6C282EC9-9C16-4312-8841-43A82B9DCFD4}.Release|Any CPU.Build.0 = Release|Any CPU
		{6C282EC9-9C16-4312-8841-43A82B9DCFD4}.Release|x64.ActiveCfg = Release|Any CPU
		{6C282EC9-9C16-4312-8841-43A82B9DCFD4}.Release|x64.Build.0 = Release|Any CPU
		{6C282EC9-9C16-4312-8841-43A82B9DCFD4}.Release|x86.ActiveCfg = Release|Any CPU
		{6C282EC9-9C16-4312-8841-43A82B9DCFD4}.Release|x86.Build.0 = Release|Any CPU
		{4B554934-22BB-4705-9D84-283AA7FA652F}.Debug|Any CPU.ActiveCfg = Debug|Any CPU
		{4B554934-22BB-4705-9D84-283AA7FA652F}.Debug|Any CPU.Build.0 = Debug|Any CPU
		{4B554934-22BB-4705-9D84-283AA7FA652F}.Debug|x64.ActiveCfg = Debug|Any CPU
		{4B554934-22BB-4705-9D84-283AA7FA652F}.Debug|x64.Build.0 = Debug|Any CPU
		{4B554934-22BB-4705-9D84-283AA7FA652F}.Debug|x86.ActiveCfg = Debug|Any CPU
		{4B554934-22BB-4705-9D84-283AA7FA652F}.Debug|x86.Build.0 = Debug|Any CPU
		{4B554934-22BB-4705-9D84-283AA7FA652F}.Release|Any CPU.ActiveCfg = Release|Any CPU
		{4B554934-22BB-4705-9D84-283AA7FA652F}.Release|Any CPU.Build.0 = Release|Any CPU
		{4B554934-22BB-4705-9D84-283AA7FA652F}.Release|x64.ActiveCfg = Release|Any CPU
		{4B554934-22BB-4705-9D84-283AA7FA652F}.Release|x64.Build.0 = Release|Any CPU
		{4B554934-22BB-4705-9D84-283AA7FA652F}.Release|x86.ActiveCfg = Release|Any CPU
		{4B554934-22BB-4705-9D84-283AA7FA652F}.Release|x86.Build.0 = Release|Any CPU
		{8BCA900C-9E9F-432A-B402-7E2FF1DF238B}.Debug|Any CPU.ActiveCfg = Debug|Any CPU
		{8BCA900C-9E9F-432A-B402-7E2FF1DF238B}.Debug|Any CPU.Build.0 = Debug|Any CPU
		{8BCA900C-9E9F-432A-B402-7E2FF1DF238B}.Debug|x64.ActiveCfg = Debug|Any CPU
		{8BCA900C-9E9F-432A-B402-7E2FF1DF238B}.Debug|x64.Build.0 = Debug|Any CPU
		{8BCA900C-9E9F-432A-B402-7E2FF1DF238B}.Debug|x86.ActiveCfg = Debug|Any CPU
		{8BCA900C-9E9F-432A-B402-7E2FF1DF238B}.Debug|x86.Build.0 = Debug|Any CPU
		{8BCA900C-9E9F-432A-B402-7E2FF1DF238B}.Release|Any CPU.ActiveCfg = Release|Any CPU
		{8BCA900C-9E9F-432A-B402-7E2FF1DF238B}.Release|Any CPU.Build.0 = Release|Any CPU
		{8BCA900C-9E9F-432A-B402-7E2FF1DF238B}.Release|x64.ActiveCfg = Release|Any CPU
		{8BCA900C-9E9F-432A-B402-7E2FF1DF238B}.Release|x64.Build.0 = Release|Any CPU
		{8BCA900C-9E9F-432A-B402-7E2FF1DF238B}.Release|x86.ActiveCfg = Release|Any CPU
		{8BCA900C-9E9F-432A-B402-7E2FF1DF238B}.Release|x86.Build.0 = Release|Any CPU
		{C76DD5F4-B5BD-4DC3-ACFE-52277D8D15EA}.Debug|Any CPU.ActiveCfg = Debug|Any CPU
		{C76DD5F4-B5BD-4DC3-ACFE-52277D8D15EA}.Debug|Any CPU.Build.0 = Debug|Any CPU
		{C76DD5F4-B5BD-4DC3-ACFE-52277D8D15EA}.Debug|x64.ActiveCfg = Debug|Any CPU
		{C76DD5F4-B5BD-4DC3-ACFE-52277D8D15EA}.Debug|x64.Build.0 = Debug|Any CPU
		{C76DD5F4-B5BD-4DC3-ACFE-52277D8D15EA}.Debug|x86.ActiveCfg = Debug|Any CPU
		{C76DD5F4-B5BD-4DC3-ACFE-52277D8D15EA}.Debug|x86.Build.0 = Debug|Any CPU
		{C76DD5F4-B5BD-4DC3-ACFE-52277D8D15EA}.Release|Any CPU.ActiveCfg = Release|Any CPU
		{C76DD5F4-B5BD-4DC3-ACFE-52277D8D15EA}.Release|Any CPU.Build.0 = Release|Any CPU
		{C76DD5F4-B5BD-4DC3-ACFE-52277D8D15EA}.Release|x64.ActiveCfg = Release|Any CPU
		{C76DD5F4-B5BD-4DC3-ACFE-52277D8D15EA}.Release|x64.Build.0 = Release|Any CPU
		{C76DD5F4-B5BD-4DC3-ACFE-52277D8D15EA}.Release|x86.ActiveCfg = Release|Any CPU
		{C76DD5F4-B5BD-4DC3-ACFE-52277D8D15EA}.Release|x86.Build.0 = Release|Any CPU
		{4197E244-500A-4C49-A06C-3A34B612B78F}.Debug|Any CPU.ActiveCfg = Debug|Any CPU
		{4197E244-500A-4C49-A06C-3A34B612B78F}.Debug|Any CPU.Build.0 = Debug|Any CPU
		{4197E244-500A-4C49-A06C-3A34B612B78F}.Debug|x64.ActiveCfg = Debug|Any CPU
		{4197E244-500A-4C49-A06C-3A34B612B78F}.Debug|x64.Build.0 = Debug|Any CPU
		{4197E244-500A-4C49-A06C-3A34B612B78F}.Debug|x86.ActiveCfg = Debug|Any CPU
		{4197E244-500A-4C49-A06C-3A34B612B78F}.Debug|x86.Build.0 = Debug|Any CPU
		{4197E244-500A-4C49-A06C-3A34B612B78F}.Release|Any CPU.ActiveCfg = Release|Any CPU
		{4197E244-500A-4C49-A06C-3A34B612B78F}.Release|Any CPU.Build.0 = Release|Any CPU
		{4197E244-500A-4C49-A06C-3A34B612B78F}.Release|x64.ActiveCfg = Release|Any CPU
		{4197E244-500A-4C49-A06C-3A34B612B78F}.Release|x64.Build.0 = Release|Any CPU
		{4197E244-500A-4C49-A06C-3A34B612B78F}.Release|x86.ActiveCfg = Release|Any CPU
		{4197E244-500A-4C49-A06C-3A34B612B78F}.Release|x86.Build.0 = Release|Any CPU
		{037099E2-136C-4814-94B3-FABBAE5BECE9}.Debug|Any CPU.ActiveCfg = Debug|Any CPU
		{037099E2-136C-4814-94B3-FABBAE5BECE9}.Debug|Any CPU.Build.0 = Debug|Any CPU
		{037099E2-136C-4814-94B3-FABBAE5BECE9}.Debug|x64.ActiveCfg = Debug|Any CPU
		{037099E2-136C-4814-94B3-FABBAE5BECE9}.Debug|x64.Build.0 = Debug|Any CPU
		{037099E2-136C-4814-94B3-FABBAE5BECE9}.Debug|x86.ActiveCfg = Debug|Any CPU
		{037099E2-136C-4814-94B3-FABBAE5BECE9}.Debug|x86.Build.0 = Debug|Any CPU
		{037099E2-136C-4814-94B3-FABBAE5BECE9}.Release|Any CPU.ActiveCfg = Release|Any CPU
		{037099E2-136C-4814-94B3-FABBAE5BECE9}.Release|Any CPU.Build.0 = Release|Any CPU
		{037099E2-136C-4814-94B3-FABBAE5BECE9}.Release|x64.ActiveCfg = Release|Any CPU
		{037099E2-136C-4814-94B3-FABBAE5BECE9}.Release|x64.Build.0 = Release|Any CPU
		{037099E2-136C-4814-94B3-FABBAE5BECE9}.Release|x86.ActiveCfg = Release|Any CPU
		{037099E2-136C-4814-94B3-FABBAE5BECE9}.Release|x86.Build.0 = Release|Any CPU
		{08A5A159-B7EF-4646-ACD0-B3B2A6D05628}.Debug|Any CPU.ActiveCfg = Debug|Any CPU
		{08A5A159-B7EF-4646-ACD0-B3B2A6D05628}.Debug|Any CPU.Build.0 = Debug|Any CPU
		{08A5A159-B7EF-4646-ACD0-B3B2A6D05628}.Debug|x64.ActiveCfg = Debug|Any CPU
		{08A5A159-B7EF-4646-ACD0-B3B2A6D05628}.Debug|x64.Build.0 = Debug|Any CPU
		{08A5A159-B7EF-4646-ACD0-B3B2A6D05628}.Debug|x86.ActiveCfg = Debug|Any CPU
		{08A5A159-B7EF-4646-ACD0-B3B2A6D05628}.Debug|x86.Build.0 = Debug|Any CPU
		{08A5A159-B7EF-4646-ACD0-B3B2A6D05628}.Release|Any CPU.ActiveCfg = Release|Any CPU
		{08A5A159-B7EF-4646-ACD0-B3B2A6D05628}.Release|Any CPU.Build.0 = Release|Any CPU
		{08A5A159-B7EF-4646-ACD0-B3B2A6D05628}.Release|x64.ActiveCfg = Release|Any CPU
		{08A5A159-B7EF-4646-ACD0-B3B2A6D05628}.Release|x64.Build.0 = Release|Any CPU
		{08A5A159-B7EF-4646-ACD0-B3B2A6D05628}.Release|x86.ActiveCfg = Release|Any CPU
		{08A5A159-B7EF-4646-ACD0-B3B2A6D05628}.Release|x86.Build.0 = Release|Any CPU
		{01412F84-13FF-48B8-BF40-8679608EC2A1}.Debug|Any CPU.ActiveCfg = Debug|Any CPU
		{01412F84-13FF-48B8-BF40-8679608EC2A1}.Debug|Any CPU.Build.0 = Debug|Any CPU
		{01412F84-13FF-48B8-BF40-8679608EC2A1}.Debug|x64.ActiveCfg = Debug|Any CPU
		{01412F84-13FF-48B8-BF40-8679608EC2A1}.Debug|x64.Build.0 = Debug|Any CPU
		{01412F84-13FF-48B8-BF40-8679608EC2A1}.Debug|x86.ActiveCfg = Debug|Any CPU
		{01412F84-13FF-48B8-BF40-8679608EC2A1}.Debug|x86.Build.0 = Debug|Any CPU
		{01412F84-13FF-48B8-BF40-8679608EC2A1}.Release|Any CPU.ActiveCfg = Release|Any CPU
		{01412F84-13FF-48B8-BF40-8679608EC2A1}.Release|Any CPU.Build.0 = Release|Any CPU
		{01412F84-13FF-48B8-BF40-8679608EC2A1}.Release|x64.ActiveCfg = Release|Any CPU
		{01412F84-13FF-48B8-BF40-8679608EC2A1}.Release|x64.Build.0 = Release|Any CPU
		{01412F84-13FF-48B8-BF40-8679608EC2A1}.Release|x86.ActiveCfg = Release|Any CPU
		{01412F84-13FF-48B8-BF40-8679608EC2A1}.Release|x86.Build.0 = Release|Any CPU
		{E67DC3C1-0CF8-451B-A2F2-A22106461BE9}.Debug|Any CPU.ActiveCfg = Debug|Any CPU
		{E67DC3C1-0CF8-451B-A2F2-A22106461BE9}.Debug|Any CPU.Build.0 = Debug|Any CPU
		{E67DC3C1-0CF8-451B-A2F2-A22106461BE9}.Debug|x64.ActiveCfg = Debug|Any CPU
		{E67DC3C1-0CF8-451B-A2F2-A22106461BE9}.Debug|x64.Build.0 = Debug|Any CPU
		{E67DC3C1-0CF8-451B-A2F2-A22106461BE9}.Debug|x86.ActiveCfg = Debug|Any CPU
		{E67DC3C1-0CF8-451B-A2F2-A22106461BE9}.Debug|x86.Build.0 = Debug|Any CPU
		{E67DC3C1-0CF8-451B-A2F2-A22106461BE9}.Release|Any CPU.ActiveCfg = Release|Any CPU
		{E67DC3C1-0CF8-451B-A2F2-A22106461BE9}.Release|Any CPU.Build.0 = Release|Any CPU
		{E67DC3C1-0CF8-451B-A2F2-A22106461BE9}.Release|x64.ActiveCfg = Release|Any CPU
		{E67DC3C1-0CF8-451B-A2F2-A22106461BE9}.Release|x64.Build.0 = Release|Any CPU
		{E67DC3C1-0CF8-451B-A2F2-A22106461BE9}.Release|x86.ActiveCfg = Release|Any CPU
		{E67DC3C1-0CF8-451B-A2F2-A22106461BE9}.Release|x86.Build.0 = Release|Any CPU
	EndGlobalSection
	GlobalSection(SolutionProperties) = preSolution
		HideSolutionNode = FALSE
	EndGlobalSection
	GlobalSection(NestedProjects) = preSolution
		{6C282EC9-9C16-4312-8841-43A82B9DCFD4} = {827E0CD3-B72D-47B6-A68D-7590B98EB39B}
		{4B554934-22BB-4705-9D84-283AA7FA652F} = {0AB3BF05-4346-4AA6-1389-037BE0695223}
		{8BCA900C-9E9F-432A-B402-7E2FF1DF238B} = {827E0CD3-B72D-47B6-A68D-7590B98EB39B}
		{C76DD5F4-B5BD-4DC3-ACFE-52277D8D15EA} = {827E0CD3-B72D-47B6-A68D-7590B98EB39B}
		{4197E244-500A-4C49-A06C-3A34B612B78F} = {827E0CD3-B72D-47B6-A68D-7590B98EB39B}
		{037099E2-136C-4814-94B3-FABBAE5BECE9} = {5D20AA90-6969-D8BD-9DCD-8634F4692FDA}
		{08A5A159-B7EF-4646-ACD0-B3B2A6D05628} = {5D20AA90-6969-D8BD-9DCD-8634F4692FDA}
		{01412F84-13FF-48B8-BF40-8679608EC2A1} = {827E0CD3-B72D-47B6-A68D-7590B98EB39B}
		{E67DC3C1-0CF8-451B-A2F2-A22106461BE9} = {827E0CD3-B72D-47B6-A68D-7590B98EB39B}
	EndGlobalSection
EndGlobal
